
Microsoft Visual Studio Solution File, Format Version 12.00
# Visual Studio 15
VisualStudioVersion = 15.0.28010.2026
MinimumVisualStudioVersion = 10.0.40219.1
Project("{FAE04EC0-301F-11D3-BF4B-00C04F79EFBC}") = "MgStudent", "MgStudent\MgStudent.csproj", "{8D26A13B-1544-48CD-B17F-A8F70CE297BD}"
EndProject
Project("{2150E333-8FDC-42A3-9474-1A3956D46DE8}") = "ModuleLogin", "ModuleLogin", "{B50A1C7D-32B6-433F-A159-F7E64EBA66DD}"
EndProject
Project("{FAE04EC0-301F-11D3-BF4B-00C04F79EFBC}") = "BUS", "BUS_\BUS.csproj", "{A16761C7-F079-49B9-9C96-018A51D224FA}"
EndProject
Project("{FAE04EC0-301F-11D3-BF4B-00C04F79EFBC}") = "DAO", "DAO_\DAO.csproj", "{1AC90579-F4DC-4ABE-8BB9-E4D70A4D98B8}"
EndProject
Project("{FAE04EC0-301F-11D3-BF4B-00C04F79EFBC}") = "DTO", "DTO_\DTO.csproj", "{635A504D-ADAC-4DF5-B14D-B56CD95BE426}"
EndProject
Project("{2150E333-8FDC-42A3-9474-1A3956D46DE8}") = "ModuleInfo", "ModuleInfo", "{B2C7827A-C001-4DB2-9D89-E6B44527CA2A}"
EndProject
Project("{FAE04EC0-301F-11D3-BF4B-00C04F79EFBC}") = "MgInfo", "MgInfo\MgInfo.csproj", "{D02FEAF5-19EB-4D92-A881-E6F9EC924B93}"
EndProject
Project("{FAE04EC0-301F-11D3-BF4B-00C04F79EFBC}") = "BUS_Info", "BUS_Info\BUS_Info.csproj", "{87E96481-F6F9-417D-95B6-174432307A25}"
EndProject
Project("{FAE04EC0-301F-11D3-BF4B-00C04F79EFBC}") = "DAO_Info", "DAO_Info\DAO_Info.csproj", "{2522B390-1F66-4DB1-B2A0-2C88924612C8}"
EndProject
Project("{FAE04EC0-301F-11D3-BF4B-00C04F79EFBC}") = "DTO_Info", "DTO_Info\DTO_Info.csproj", "{4111B8CF-59E2-43BF-AEF6-0D3C44D9C6DD}"
EndProject
Project("{2150E333-8FDC-42A3-9474-1A3956D46DE8}") = "ModuleSinhVien", "ModuleSinhVien", "{5E93DEFB-6A9B-441B-9713-F7D857D4C87E}"
EndProject
Project("{FAE04EC0-301F-11D3-BF4B-00C04F79EFBC}") = "GuiStudent", "FormSinhVien\GuiStudent.csproj", "{33F6575D-83CE-41DD-9B8D-C4085AB62760}"
EndProject
Project("{FAE04EC0-301F-11D3-BF4B-00C04F79EFBC}") = "BUS_Student", "BUS_Student\BUS_Student.csproj", "{67F68B5C-005D-4AB5-8F4D-30885D8D28F6}"
EndProject
Project("{FAE04EC0-301F-11D3-BF4B-00C04F79EFBC}") = "DAO_Student", "DAO_Student\DAO_Student.csproj", "{DE1E6B80-322F-458D-A876-B3201E55B24F}"
EndProject
Project("{FAE04EC0-301F-11D3-BF4B-00C04F79EFBC}") = "DTO_Student", "DTO_Student\DTO_Student.csproj", "{660204ED-6FB0-4ADE-81AB-FFE84E027319}"
EndProject
Project("{2150E333-8FDC-42A3-9474-1A3956D46DE8}") = "Data", "Data", "{CE59A6D8-BBB4-49D1-A356-0F9A4E088B76}"
EndProject
Global
	GlobalSection(SolutionConfigurationPlatforms) = preSolution
		Debug|Any CPU = Debug|Any CPU
		Release|Any CPU = Release|Any CPU
	EndGlobalSection
	GlobalSection(ProjectConfigurationPlatforms) = postSolution
		{8D26A13B-1544-48CD-B17F-A8F70CE297BD}.Debug|Any CPU.ActiveCfg = Debug|Any CPU
		{8D26A13B-1544-48CD-B17F-A8F70CE297BD}.Debug|Any CPU.Build.0 = Debug|Any CPU
		{8D26A13B-1544-48CD-B17F-A8F70CE297BD}.Release|Any CPU.ActiveCfg = Release|Any CPU
		{8D26A13B-1544-48CD-B17F-A8F70CE297BD}.Release|Any CPU.Build.0 = Release|Any CPU
		{A16761C7-F079-49B9-9C96-018A51D224FA}.Debug|Any CPU.ActiveCfg = Debug|Any CPU
		{A16761C7-F079-49B9-9C96-018A51D224FA}.Debug|Any CPU.Build.0 = Debug|Any CPU
		{A16761C7-F079-49B9-9C96-018A51D224FA}.Release|Any CPU.ActiveCfg = Release|Any CPU
		{A16761C7-F079-49B9-9C96-018A51D224FA}.Release|Any CPU.Build.0 = Release|Any CPU
		{1AC90579-F4DC-4ABE-8BB9-E4D70A4D98B8}.Debug|Any CPU.ActiveCfg = Debug|Any CPU
		{1AC90579-F4DC-4ABE-8BB9-E4D70A4D98B8}.Debug|Any CPU.Build.0 = Debug|Any CPU
		{1AC90579-F4DC-4ABE-8BB9-E4D70A4D98B8}.Release|Any CPU.ActiveCfg = Release|Any CPU
		{1AC90579-F4DC-4ABE-8BB9-E4D70A4D98B8}.Release|Any CPU.Build.0 = Release|Any CPU
		{635A504D-ADAC-4DF5-B14D-B56CD95BE426}.Debug|Any CPU.ActiveCfg = Debug|Any CPU
		{635A504D-ADAC-4DF5-B14D-B56CD95BE426}.Debug|Any CPU.Build.0 = Debug|Any CPU
		{635A504D-ADAC-4DF5-B14D-B56CD95BE426}.Release|Any CPU.ActiveCfg = Release|Any CPU
		{635A504D-ADAC-4DF5-B14D-B56CD95BE426}.Release|Any CPU.Build.0 = Release|Any CPU
		{D02FEAF5-19EB-4D92-A881-E6F9EC924B93}.Debug|Any CPU.ActiveCfg = Debug|Any CPU
		{D02FEAF5-19EB-4D92-A881-E6F9EC924B93}.Debug|Any CPU.Build.0 = Debug|Any CPU
		{D02FEAF5-19EB-4D92-A881-E6F9EC924B93}.Release|Any CPU.ActiveCfg = Release|Any CPU
		{D02FEAF5-19EB-4D92-A881-E6F9EC924B93}.Release|Any CPU.Build.0 = Release|Any CPU
		{87E96481-F6F9-417D-95B6-174432307A25}.Debug|Any CPU.ActiveCfg = Debug|Any CPU
		{87E96481-F6F9-417D-95B6-174432307A25}.Debug|Any CPU.Build.0 = Debug|Any CPU
		{87E96481-F6F9-417D-95B6-174432307A25}.Release|Any CPU.ActiveCfg = Release|Any CPU
		{87E96481-F6F9-417D-95B6-174432307A25}.Release|Any CPU.Build.0 = Release|Any CPU
		{2522B390-1F66-4DB1-B2A0-2C88924612C8}.Debug|Any CPU.ActiveCfg = Debug|Any CPU
		{2522B390-1F66-4DB1-B2A0-2C88924612C8}.Debug|Any CPU.Build.0 = Debug|Any CPU
		{2522B390-1F66-4DB1-B2A0-2C88924612C8}.Release|Any CPU.ActiveCfg = Release|Any CPU
		{2522B390-1F66-4DB1-B2A0-2C88924612C8}.Release|Any CPU.Build.0 = Release|Any CPU
		{4111B8CF-59E2-43BF-AEF6-0D3C44D9C6DD}.Debug|Any CPU.ActiveCfg = Debug|Any CPU
		{4111B8CF-59E2-43BF-AEF6-0D3C44D9C6DD}.Debug|Any CPU.Build.0 = Debug|Any CPU
		{4111B8CF-59E2-43BF-AEF6-0D3C44D9C6DD}.Release|Any CPU.ActiveCfg = Release|Any CPU
		{4111B8CF-59E2-43BF-AEF6-0D3C44D9C6DD}.Release|Any CPU.Build.0 = Release|Any CPU
		{33F6575D-83CE-41DD-9B8D-C4085AB62760}.Debug|Any CPU.ActiveCfg = Debug|Any CPU
		{33F6575D-83CE-41DD-9B8D-C4085AB62760}.Debug|Any CPU.Build.0 = Debug|Any CPU
		{33F6575D-83CE-41DD-9B8D-C4085AB62760}.Release|Any CPU.ActiveCfg = Release|Any CPU
		{33F6575D-83CE-41DD-9B8D-C4085AB62760}.Release|Any CPU.Build.0 = Release|Any CPU
		{67F68B5C-005D-4AB5-8F4D-30885D8D28F6}.Debug|Any CPU.ActiveCfg = Debug|Any CPU
		{67F68B5C-005D-4AB5-8F4D-30885D8D28F6}.Debug|Any CPU.Build.0 = Debug|Any CPU
		{67F68B5C-005D-4AB5-8F4D-30885D8D28F6}.Release|Any CPU.ActiveCfg = Release|Any CPU
		{67F68B5C-005D-4AB5-8F4D-30885D8D28F6}.Release|Any CPU.Build.0 = Release|Any CPU
		{DE1E6B80-322F-458D-A876-B3201E55B24F}.Debug|Any CPU.ActiveCfg = Debug|Any CPU
		{DE1E6B80-322F-458D-A876-B3201E55B24F}.Debug|Any CPU.Build.0 = Debug|Any CPU
		{DE1E6B80-322F-458D-A876-B3201E55B24F}.Release|Any CPU.ActiveCfg = Release|Any CPU
		{DE1E6B80-322F-458D-A876-B3201E55B24F}.Release|Any CPU.Build.0 = Release|Any CPU
		{660204ED-6FB0-4ADE-81AB-FFE84E027319}.Debug|Any CPU.ActiveCfg = Debug|Any CPU
		{660204ED-6FB0-4ADE-81AB-FFE84E027319}.Debug|Any CPU.Build.0 = Debug|Any CPU
		{660204ED-6FB0-4ADE-81AB-FFE84E027319}.Release|Any CPU.ActiveCfg = Release|Any CPU
		{660204ED-6FB0-4ADE-81AB-FFE84E027319}.Release|Any CPU.Build.0 = Release|Any CPU
	EndGlobalSection
	GlobalSection(SolutionProperties) = preSolution
		HideSolutionNode = FALSE
	EndGlobalSection
	GlobalSection(NestedProjects) = preSolution
		{8D26A13B-1544-48CD-B17F-A8F70CE297BD} = {B50A1C7D-32B6-433F-A159-F7E64EBA66DD}
		{A16761C7-F079-49B9-9C96-018A51D224FA} = {B50A1C7D-32B6-433F-A159-F7E64EBA66DD}
		{1AC90579-F4DC-4ABE-8BB9-E4D70A4D98B8} = {B50A1C7D-32B6-433F-A159-F7E64EBA66DD}
		{635A504D-ADAC-4DF5-B14D-B56CD95BE426} = {B50A1C7D-32B6-433F-A159-F7E64EBA66DD}
		{D02FEAF5-19EB-4D92-A881-E6F9EC924B93} = {B2C7827A-C001-4DB2-9D89-E6B44527CA2A}
		{87E96481-F6F9-417D-95B6-174432307A25} = {B2C7827A-C001-4DB2-9D89-E6B44527CA2A}
		{2522B390-1F66-4DB1-B2A0-2C88924612C8} = {B2C7827A-C001-4DB2-9D89-E6B44527CA2A}
		{4111B8CF-59E2-43BF-AEF6-0D3C44D9C6DD} = {B2C7827A-C001-4DB2-9D89-E6B44527CA2A}
		{33F6575D-83CE-41DD-9B8D-C4085AB62760} = {5E93DEFB-6A9B-441B-9713-F7D857D4C87E}
		{67F68B5C-005D-4AB5-8F4D-30885D8D28F6} = {5E93DEFB-6A9B-441B-9713-F7D857D4C87E}
		{DE1E6B80-322F-458D-A876-B3201E55B24F} = {5E93DEFB-6A9B-441B-9713-F7D857D4C87E}
		{660204ED-6FB0-4ADE-81AB-FFE84E027319} = {5E93DEFB-6A9B-441B-9713-F7D857D4C87E}
	EndGlobalSection
	GlobalSection(ExtensibilityGlobals) = postSolution
		SolutionGuid = {D13D9543-1160-4901-95A3-D03DA3320A67}
	EndGlobalSection
EndGlobal
